format: patchmd-set-lock/v0.1
patchset: laguna-s21-nvfp4-stack
patchset_revision: sha256:afb26030066438dcf9044b09b334e15271d3c45f2ba9ba916dd980d2c9993dbd
upstream_commit: 7e3dbef7e336433f487c172a3308e26b39fa75a3
patches:
    - patch: laguna-s21-cuda
      revision: sha256:d889a244de59519b5d9e1448738a90fbc198f449e742f8aa1fa41dec445178bc
    - patch: laguna-s21-nvfp4-cuda
      revision: sha256:fddd6bf971890a27901c3be5a24bf34d3995337d6ee4d1a1d82a49ae39ef085e
result_tree: 2a187e837e5967ede2fa96db4ae1dff9c7955a54
outcome: adapted
verification:
    combined_acceptance: passed
    cpu_build: passed
    cuda_regression: passed
    cuda_sm121_build: passed
    dflash_pairing: passed
    gb10_quant_comparison: passed
toolchain:
    patchmd: 0.1.0-dev
