format: patchmd-set-lock/v0.1
patchset: laguna-s21-nvfp4-stack
patchset_revision: sha256:afb26030066438dcf9044b09b334e15271d3c45f2ba9ba916dd980d2c9993dbd
upstream_commit: 7e3dbef7e336433f487c172a3308e26b39fa75a3
patches:
    - patch: laguna-s21-cuda
      revision: sha256:d889a244de59519b5d9e1448738a90fbc198f449e742f8aa1fa41dec445178bc
    - patch: laguna-s21-nvfp4-cuda
      revision: sha256:8c7a92403ad35d6586d7589ca69fd614125bfc60c71a6ac756394e5d7714733e
result_tree: fb3bd900cfce7d95d142b1fcf5dc9a53a62dd924
outcome: adapted
verification:
    combined_acceptance: passed
    cpu_build: passed
    cuda_regression: passed
    cuda_sm121_build: passed
    dflash_pairing: passed
    gb10_dflash_benchmark: passed
    gb10_raw_benchmark: passed
    prefill_attention_benchmark: passed
    source_b991057_rebase: passed
    split_attention_equivalence: passed
    tiled_attention_equivalence: passed
toolchain:
    patchmd: 0.1.0-dev
